
Microsoft Visual Studio Solution File, Format Version 12.00
Project("{FAE04EC0-301F-11D3-BF4B-00C04F79EFBC}") = "LenkieBooks.Api", "LenkieBooks.Api\LenkieBooks.Api.csproj", "{00B5C7AB-547F-4229-B755-A3372F11A8F8}"
EndProject
Global
	GlobalSection(SolutionConfigurationPlatforms) = preSolution
		Debug|Any CPU = Debug|Any CPU
		Release|Any CPU = Release|Any CPU
	EndGlobalSection
	GlobalSection(ProjectConfigurationPlatforms) = postSolution
		{00B5C7AB-547F-4229-B755-A3372F11A8F8}.Debug|Any CPU.ActiveCfg = Debug|Any CPU
		{00B5C7AB-547F-4229-B755-A3372F11A8F8}.Debug|Any CPU.Build.0 = Debug|Any CPU
		{00B5C7AB-547F-4229-B755-A3372F11A8F8}.Release|Any CPU.ActiveCfg = Release|Any CPU
		{00B5C7AB-547F-4229-B755-A3372F11A8F8}.Release|Any CPU.Build.0 = Release|Any CPU
	EndGlobalSection
EndGlobal
